
Microsoft Visual Studio Solution File, Format Version 12.00
# Visual Studio 14
VisualStudioVersion = 14.0.22823.1
MinimumVisualStudioVersion = 10.0.40219.1
Project("{FAE04EC0-301F-11D3-BF4B-00C04F79EFBC}") = "RPGMaker-Tools", "RPGMaker-Tools\RPGMaker-Tools.csproj", "{D56119F0-5650-4390-9CA1-0EA64884D6A9}"
	ProjectSection(ProjectDependencies) = postProject
		{6EDD7E0A-13E6-4ED2-A97F-C9A9D8207DDB} = {6EDD7E0A-13E6-4ED2-A97F-C9A9D8207DDB}
	EndProjectSection
EndProject
Project("{FAE04EC0-301F-11D3-BF4B-00C04F79EFBC}") = "RPGMVA_Insider", "RPGMVA_Insider\RPGMVA_Insider.csproj", "{6EDD7E0A-13E6-4ED2-A97F-C9A9D8207DDB}"
	ProjectSection(ProjectDependencies) = postProject
		{741D965A-F162-488F-9AFF-DD10D5C13741} = {741D965A-F162-488F-9AFF-DD10D5C13741}
	EndProjectSection
EndProject
Project("{FAE04EC0-301F-11D3-BF4B-00C04F79EFBC}") = "RpgExport", "RpgExport\RpgExport.csproj", "{775FCA79-5CE5-457C-92EF-F44EEF84E8D8}"
EndProject
Project("{FAE04EC0-301F-11D3-BF4B-00C04F79EFBC}") = "RpgExportAttribute", "RpgExportAttribute\RpgExportAttribute.csproj", "{741D965A-F162-488F-9AFF-DD10D5C13741}"
EndProject
Project("{FAE04EC0-301F-11D3-BF4B-00C04F79EFBC}") = "RPGMVA_Insider_Test", "Insider_Test\RPGMVA_Insider_Test.csproj", "{810DDD21-5737-44CD-BCA4-EB65442D7F92}"
	ProjectSection(ProjectDependencies) = postProject
		{6EDD7E0A-13E6-4ED2-A97F-C9A9D8207DDB} = {6EDD7E0A-13E6-4ED2-A97F-C9A9D8207DDB}
	EndProjectSection
EndProject
Global
	GlobalSection(SolutionConfigurationPlatforms) = preSolution
		Debug|Any CPU = Debug|Any CPU
		Release|Any CPU = Release|Any CPU
	EndGlobalSection
	GlobalSection(ProjectConfigurationPlatforms) = postSolution
		{D56119F0-5650-4390-9CA1-0EA64884D6A9}.Debug|Any CPU.ActiveCfg = Debug|Any CPU
		{D56119F0-5650-4390-9CA1-0EA64884D6A9}.Debug|Any CPU.Build.0 = Debug|Any CPU
		{D56119F0-5650-4390-9CA1-0EA64884D6A9}.Release|Any CPU.ActiveCfg = Release|Any CPU
		{D56119F0-5650-4390-9CA1-0EA64884D6A9}.Release|Any CPU.Build.0 = Release|Any CPU
		{6EDD7E0A-13E6-4ED2-A97F-C9A9D8207DDB}.Debug|Any CPU.ActiveCfg = Debug|Any CPU
		{6EDD7E0A-13E6-4ED2-A97F-C9A9D8207DDB}.Debug|Any CPU.Build.0 = Debug|Any CPU
		{6EDD7E0A-13E6-4ED2-A97F-C9A9D8207DDB}.Release|Any CPU.ActiveCfg = Release|Any CPU
		{6EDD7E0A-13E6-4ED2-A97F-C9A9D8207DDB}.Release|Any CPU.Build.0 = Release|Any CPU
		{775FCA79-5CE5-457C-92EF-F44EEF84E8D8}.Debug|Any CPU.ActiveCfg = Debug|Any CPU
		{775FCA79-5CE5-457C-92EF-F44EEF84E8D8}.Debug|Any CPU.Build.0 = Debug|Any CPU
		{775FCA79-5CE5-457C-92EF-F44EEF84E8D8}.Release|Any CPU.ActiveCfg = Release|Any CPU
		{775FCA79-5CE5-457C-92EF-F44EEF84E8D8}.Release|Any CPU.Build.0 = Release|Any CPU
		{741D965A-F162-488F-9AFF-DD10D5C13741}.Debug|Any CPU.ActiveCfg = Debug|Any CPU
		{741D965A-F162-488F-9AFF-DD10D5C13741}.Debug|Any CPU.Build.0 = Debug|Any CPU
		{741D965A-F162-488F-9AFF-DD10D5C13741}.Release|Any CPU.ActiveCfg = Release|Any CPU
		{741D965A-F162-488F-9AFF-DD10D5C13741}.Release|Any CPU.Build.0 = Release|Any CPU
		{810DDD21-5737-44CD-BCA4-EB65442D7F92}.Debug|Any CPU.ActiveCfg = Debug|Any CPU
		{810DDD21-5737-44CD-BCA4-EB65442D7F92}.Debug|Any CPU.Build.0 = Debug|Any CPU
		{810DDD21-5737-44CD-BCA4-EB65442D7F92}.Release|Any CPU.ActiveCfg = Release|Any CPU
		{810DDD21-5737-44CD-BCA4-EB65442D7F92}.Release|Any CPU.Build.0 = Release|Any CPU
	EndGlobalSection
	GlobalSection(SolutionProperties) = preSolution
		HideSolutionNode = FALSE
	EndGlobalSection
EndGlobal
